
Microsoft Visual Studio Solution File, Format Version 12.00
Project("{FAE04EC0-301F-11D3-BF4B-00C04F79EFBC}") = "AshryverBot.Database", "AshryverBot.Database\AshryverBot.Database.csproj", "{1756A347-98EF-44B0-A83F-37CF565F6310}"
EndProject
Project("{FAE04EC0-301F-11D3-BF4B-00C04F79EFBC}") = "AshryverBot.Infrastructure", "AshryverBot.Infrastructure\AshryverBot.Infrastructure.csproj", "{9A3AA856-5421-4FA1-B63F-65CCC9F1A656}"
EndProject
Project("{2150E333-8FDC-42A3-9474-1A3956D46DE8}") = "Tests", "Tests", "{25E95C93-E7C5-4942-8305-4260DDBDEBF9}"
EndProject
Project("{FAE04EC0-301F-11D3-BF4B-00C04F79EFBC}") = "AshryverBot.Twitch", "AshryverBot.Twitch\AshryverBot.Twitch.csproj", "{42A90C56-55D3-4EDE-9C78-A51E8CEF4071}"
EndProject
Project("{2150E333-8FDC-42A3-9474-1A3956D46DE8}") = "Lib", "Lib", "{720A22A5-5496-4431-BE5D-9FB2E457AC77}"
EndProject
Project("{FAE04EC0-301F-11D3-BF4B-00C04F79EFBC}") = "AshryverBot.Web", "AshryverBot.Web\AshryverBot.Web.csproj", "{4A99F17E-2C35-4987-9766-AC19F853CC36}"
EndProject
Project("{2150E333-8FDC-42A3-9474-1A3956D46DE8}") = "App", "App", "{7FDA363B-5EF1-4DB5-8593-16D294A52B5E}"
EndProject
Project("{2150E333-8FDC-42A3-9474-1A3956D46DE8}") = "Docker", "Docker", "{B3D1F5E2-9C4A-4F8E-A6B2-1D7E8C9A0F3B}"
	ProjectSection(SolutionItems) = preProject
		Dockerfile = Dockerfile
		.dockerignore = .dockerignore
		docker-compose.yml = docker-compose.yml
	EndProjectSection
EndProject
Project("{FAE04EC0-301F-11D3-BF4B-00C04F79EFBC}") = "AshryverBot.Twitch.Tests", "AshryverBot.Twitch.Tests\AshryverBot.Twitch.Tests.csproj", "{5E3D18AC-EEA9-44D7-9FC9-91BA0A4799D5}"
EndProject
Project("{FAE04EC0-301F-11D3-BF4B-00C04F79EFBC}") = "AshryverBot.Database.Tests", "AshryverBot.Database.Tests\AshryverBot.Database.Tests.csproj", "{6B1712C2-1890-484D-A6AE-4D91BCEE346C}"
EndProject
Global
	GlobalSection(SolutionConfigurationPlatforms) = preSolution
		Debug|Any CPU = Debug|Any CPU
		Debug|x64 = Debug|x64
		Debug|x86 = Debug|x86
		Release|Any CPU = Release|Any CPU
		Release|x64 = Release|x64
		Release|x86 = Release|x86
	EndGlobalSection
	GlobalSection(ProjectConfigurationPlatforms) = postSolution
		{1756A347-98EF-44B0-A83F-37CF565F6310}.Debug|Any CPU.ActiveCfg = Debug|Any CPU
		{1756A347-98EF-44B0-A83F-37CF565F6310}.Debug|Any CPU.Build.0 = Debug|Any CPU
		{1756A347-98EF-44B0-A83F-37CF565F6310}.Debug|x64.ActiveCfg = Debug|Any CPU
		{1756A347-98EF-44B0-A83F-37CF565F6310}.Debug|x64.Build.0 = Debug|Any CPU
		{1756A347-98EF-44B0-A83F-37CF565F6310}.Debug|x86.ActiveCfg = Debug|Any CPU
		{1756A347-98EF-44B0-A83F-37CF565F6310}.Debug|x86.Build.0 = Debug|Any CPU
		{1756A347-98EF-44B0-A83F-37CF565F6310}.Release|Any CPU.ActiveCfg = Release|Any CPU
		{1756A347-98EF-44B0-A83F-37CF565F6310}.Release|Any CPU.Build.0 = Release|Any CPU
		{1756A347-98EF-44B0-A83F-37CF565F6310}.Release|x64.ActiveCfg = Release|Any CPU
		{1756A347-98EF-44B0-A83F-37CF565F6310}.Release|x64.Build.0 = Release|Any CPU
		{1756A347-98EF-44B0-A83F-37CF565F6310}.Release|x86.ActiveCfg = Release|Any CPU
		{1756A347-98EF-44B0-A83F-37CF565F6310}.Release|x86.Build.0 = Release|Any CPU
		{9A3AA856-5421-4FA1-B63F-65CCC9F1A656}.Debug|Any CPU.ActiveCfg = Debug|Any CPU
		{9A3AA856-5421-4FA1-B63F-65CCC9F1A656}.Debug|Any CPU.Build.0 = Debug|Any CPU
		{9A3AA856-5421-4FA1-B63F-65CCC9F1A656}.Debug|x64.ActiveCfg = Debug|Any CPU
		{9A3AA856-5421-4FA1-B63F-65CCC9F1A656}.Debug|x64.Build.0 = Debug|Any CPU
		{9A3AA856-5421-4FA1-B63F-65CCC9F1A656}.Debug|x86.ActiveCfg = Debug|Any CPU
		{9A3AA856-5421-4FA1-B63F-65CCC9F1A656}.Debug|x86.Build.0 = Debug|Any CPU
		{9A3AA856-5421-4FA1-B63F-65CCC9F1A656}.Release|Any CPU.ActiveCfg = Release|Any CPU
		{9A3AA856-5421-4FA1-B63F-65CCC9F1A656}.Release|Any CPU.Build.0 = Release|Any CPU
		{9A3AA856-5421-4FA1-B63F-65CCC9F1A656}.Release|x64.ActiveCfg = Release|Any CPU
		{9A3AA856-5421-4FA1-B63F-65CCC9F1A656}.Release|x64.Build.0 = Release|Any CPU
		{9A3AA856-5421-4FA1-B63F-65CCC9F1A656}.Release|x86.ActiveCfg = Release|Any CPU
		{9A3AA856-5421-4FA1-B63F-65CCC9F1A656}.Release|x86.Build.0 = Release|Any CPU
		{42A90C56-55D3-4EDE-9C78-A51E8CEF4071}.Debug|Any CPU.ActiveCfg = Debug|Any CPU
		{42A90C56-55D3-4EDE-9C78-A51E8CEF4071}.Debug|Any CPU.Build.0 = Debug|Any CPU
		{42A90C56-55D3-4EDE-9C78-A51E8CEF4071}.Debug|x64.ActiveCfg = Debug|Any CPU
		{42A90C56-55D3-4EDE-9C78-A51E8CEF4071}.Debug|x64.Build.0 = Debug|Any CPU
		{42A90C56-55D3-4EDE-9C78-A51E8CEF4071}.Debug|x86.ActiveCfg = Debug|Any CPU
		{42A90C56-55D3-4EDE-9C78-A51E8CEF4071}.Debug|x86.Build.0 = Debug|Any CPU
		{42A90C56-55D3-4EDE-9C78-A51E8CEF4071}.Release|Any CPU.ActiveCfg = Release|Any CPU
		{42A90C56-55D3-4EDE-9C78-A51E8CEF4071}.Release|Any CPU.Build.0 = Release|Any CPU
		{42A90C56-55D3-4EDE-9C78-A51E8CEF4071}.Release|x64.ActiveCfg = Release|Any CPU
		{42A90C56-55D3-4EDE-9C78-A51E8CEF4071}.Release|x64.Build.0 = Release|Any CPU
		{42A90C56-55D3-4EDE-9C78-A51E8CEF4071}.Release|x86.ActiveCfg = Release|Any CPU
		{42A90C56-55D3-4EDE-9C78-A51E8CEF4071}.Release|x86.Build.0 = Release|Any CPU
		{4A99F17E-2C35-4987-9766-AC19F853CC36}.Debug|Any CPU.ActiveCfg = Debug|Any CPU
		{4A99F17E-2C35-4987-9766-AC19F853CC36}.Debug|Any CPU.Build.0 = Debug|Any CPU
		{4A99F17E-2C35-4987-9766-AC19F853CC36}.Debug|x64.ActiveCfg = Debug|Any CPU
		{4A99F17E-2C35-4987-9766-AC19F853CC36}.Debug|x64.Build.0 = Debug|Any CPU
		{4A99F17E-2C35-4987-9766-AC19F853CC36}.Debug|x86.ActiveCfg = Debug|Any CPU
		{4A99F17E-2C35-4987-9766-AC19F853CC36}.Debug|x86.Build.0 = Debug|Any CPU
		{4A99F17E-2C35-4987-9766-AC19F853CC36}.Release|Any CPU.ActiveCfg = Release|Any CPU
		{4A99F17E-2C35-4987-9766-AC19F853CC36}.Release|Any CPU.Build.0 = Release|Any CPU
		{4A99F17E-2C35-4987-9766-AC19F853CC36}.Release|x64.ActiveCfg = Release|Any CPU
		{4A99F17E-2C35-4987-9766-AC19F853CC36}.Release|x64.Build.0 = Release|Any CPU
		{4A99F17E-2C35-4987-9766-AC19F853CC36}.Release|x86.ActiveCfg = Release|Any CPU
		{4A99F17E-2C35-4987-9766-AC19F853CC36}.Release|x86.Build.0 = Release|Any CPU
		{5E3D18AC-EEA9-44D7-9FC9-91BA0A4799D5}.Debug|Any CPU.ActiveCfg = Debug|Any CPU
		{5E3D18AC-EEA9-44D7-9FC9-91BA0A4799D5}.Debug|Any CPU.Build.0 = Debug|Any CPU
		{5E3D18AC-EEA9-44D7-9FC9-91BA0A4799D5}.Debug|x64.ActiveCfg = Debug|Any CPU
		{5E3D18AC-EEA9-44D7-9FC9-91BA0A4799D5}.Debug|x64.Build.0 = Debug|Any CPU
		{5E3D18AC-EEA9-44D7-9FC9-91BA0A4799D5}.Debug|x86.ActiveCfg = Debug|Any CPU
		{5E3D18AC-EEA9-44D7-9FC9-91BA0A4799D5}.Debug|x86.Build.0 = Debug|Any CPU
		{5E3D18AC-EEA9-44D7-9FC9-91BA0A4799D5}.Release|Any CPU.ActiveCfg = Release|Any CPU
		{5E3D18AC-EEA9-44D7-9FC9-91BA0A4799D5}.Release|Any CPU.Build.0 = Release|Any CPU
		{5E3D18AC-EEA9-44D7-9FC9-91BA0A4799D5}.Release|x64.ActiveCfg = Release|Any CPU
		{5E3D18AC-EEA9-44D7-9FC9-91BA0A4799D5}.Release|x64.Build.0 = Release|Any CPU
		{5E3D18AC-EEA9-44D7-9FC9-91BA0A4799D5}.Release|x86.ActiveCfg = Release|Any CPU
		{5E3D18AC-EEA9-44D7-9FC9-91BA0A4799D5}.Release|x86.Build.0 = Release|Any CPU
		{6B1712C2-1890-484D-A6AE-4D91BCEE346C}.Debug|Any CPU.ActiveCfg = Debug|Any CPU
		{6B1712C2-1890-484D-A6AE-4D91BCEE346C}.Debug|Any CPU.Build.0 = Debug|Any CPU
		{6B1712C2-1890-484D-A6AE-4D91BCEE346C}.Debug|x64.ActiveCfg = Debug|Any CPU
		{6B1712C2-1890-484D-A6AE-4D91BCEE346C}.Debug|x64.Build.0 = Debug|Any CPU
		{6B1712C2-1890-484D-A6AE-4D91BCEE346C}.Debug|x86.ActiveCfg = Debug|Any CPU
		{6B1712C2-1890-484D-A6AE-4D91BCEE346C}.Debug|x86.Build.0 = Debug|Any CPU
		{6B1712C2-1890-484D-A6AE-4D91BCEE346C}.Release|Any CPU.ActiveCfg = Release|Any CPU
		{6B1712C2-1890-484D-A6AE-4D91BCEE346C}.Release|Any CPU.Build.0 = Release|Any CPU
		{6B1712C2-1890-484D-A6AE-4D91BCEE346C}.Release|x64.ActiveCfg = Release|Any CPU
		{6B1712C2-1890-484D-A6AE-4D91BCEE346C}.Release|x64.Build.0 = Release|Any CPU
		{6B1712C2-1890-484D-A6AE-4D91BCEE346C}.Release|x86.ActiveCfg = Release|Any CPU
		{6B1712C2-1890-484D-A6AE-4D91BCEE346C}.Release|x86.Build.0 = Release|Any CPU
	EndGlobalSection
	GlobalSection(SolutionProperties) = preSolution
		HideSolutionNode = FALSE
	EndGlobalSection
	GlobalSection(NestedProjects) = preSolution
		{1756A347-98EF-44B0-A83F-37CF565F6310} = {720A22A5-5496-4431-BE5D-9FB2E457AC77}
		{9A3AA856-5421-4FA1-B63F-65CCC9F1A656} = {720A22A5-5496-4431-BE5D-9FB2E457AC77}
		{42A90C56-55D3-4EDE-9C78-A51E8CEF4071} = {720A22A5-5496-4431-BE5D-9FB2E457AC77}
		{4A99F17E-2C35-4987-9766-AC19F853CC36} = {7FDA363B-5EF1-4DB5-8593-16D294A52B5E}
		{5E3D18AC-EEA9-44D7-9FC9-91BA0A4799D5} = {25E95C93-E7C5-4942-8305-4260DDBDEBF9}
		{6B1712C2-1890-484D-A6AE-4D91BCEE346C} = {25E95C93-E7C5-4942-8305-4260DDBDEBF9}
	EndGlobalSection
EndGlobal
